
Microsoft Visual Studio Solution File, Format Version 12.00
# Visual Studio Version 16
VisualStudioVersion = 16.0.30523.141
MinimumVisualStudioVersion = 10.0.40219.1
Project("{FAE04EC0-301F-11D3-BF4B-00C04F79EFBC}") = "09ReadDataEntry", "09ReadDataEntry\09ReadDataEntry.csproj", "{3157CA80-B61B-4840-9362-67BA5660FB77}"
EndProject
Global
	GlobalSection(SolutionConfigurationPlatforms) = preSolution
		Debug|Any CPU = Debug|Any CPU
		Release|Any CPU = Release|Any CPU
	EndGlobalSection
	GlobalSection(ProjectConfigurationPlatforms) = postSolution
		{3157CA80-B61B-4840-9362-67BA5660FB77}.Debug|Any CPU.ActiveCfg = Debug|Any CPU
		{3157CA80-B61B-4840-9362-67BA5660FB77}.Debug|Any CPU.Build.0 = Debug|Any CPU
		{3157CA80-B61B-4840-9362-67BA5660FB77}.Release|Any CPU.ActiveCfg = Release|Any CPU
		{3157CA80-B61B-4840-9362-67BA5660FB77}.Release|Any CPU.Build.0 = Release|Any CPU
	EndGlobalSection
	GlobalSection(SolutionProperties) = preSolution
		HideSolutionNode = FALSE
	EndGlobalSection
	GlobalSection(ExtensibilityGlobals) = postSolution
		SolutionGuid = {BE8F5346-ED71-4310-B1BD-0427F80CF564}
	EndGlobalSection
EndGlobal
