
Microsoft Visual Studio Solution File, Format Version 12.00
# Visual Studio Version 16
VisualStudioVersion = 16.0.30523.141
MinimumVisualStudioVersion = 10.0.40219.1
Project("{FAE04EC0-301F-11D3-BF4B-00C04F79EFBC}") = "04NumericCalculator", "04NumericCalculator\04NumericCalculator.csproj", "{4919BEFF-F554-4E74-9412-D31261D9C751}"
EndProject
Global
	GlobalSection(SolutionConfigurationPlatforms) = preSolution
		Debug|Any CPU = Debug|Any CPU
		Release|Any CPU = Release|Any CPU
	EndGlobalSection
	GlobalSection(ProjectConfigurationPlatforms) = postSolution
		{4919BEFF-F554-4E74-9412-D31261D9C751}.Debug|Any CPU.ActiveCfg = Debug|Any CPU
		{4919BEFF-F554-4E74-9412-D31261D9C751}.Debug|Any CPU.Build.0 = Debug|Any CPU
		{4919BEFF-F554-4E74-9412-D31261D9C751}.Release|Any CPU.ActiveCfg = Release|Any CPU
		{4919BEFF-F554-4E74-9412-D31261D9C751}.Release|Any CPU.Build.0 = Release|Any CPU
	EndGlobalSection
	GlobalSection(SolutionProperties) = preSolution
		HideSolutionNode = FALSE
	EndGlobalSection
	GlobalSection(ExtensibilityGlobals) = postSolution
		SolutionGuid = {851CBB8D-B7C5-4F40-AF05-3358B4E1D945}
	EndGlobalSection
EndGlobal
