
Microsoft Visual Studio Solution File, Format Version 12.00
# Visual Studio Version 16
VisualStudioVersion = 16.0.30523.141
MinimumVisualStudioVersion = 10.0.40219.1
Project("{FAE04EC0-301F-11D3-BF4B-00C04F79EFBC}") = "15ForCicle", "15ForCicle\15ForCicle.csproj", "{ECD72831-806A-47C1-AF03-B1C76457A40D}"
EndProject
Global
	GlobalSection(SolutionConfigurationPlatforms) = preSolution
		Debug|Any CPU = Debug|Any CPU
		Release|Any CPU = Release|Any CPU
	EndGlobalSection
	GlobalSection(ProjectConfigurationPlatforms) = postSolution
		{ECD72831-806A-47C1-AF03-B1C76457A40D}.Debug|Any CPU.ActiveCfg = Debug|Any CPU
		{ECD72831-806A-47C1-AF03-B1C76457A40D}.Debug|Any CPU.Build.0 = Debug|Any CPU
		{ECD72831-806A-47C1-AF03-B1C76457A40D}.Release|Any CPU.ActiveCfg = Release|Any CPU
		{ECD72831-806A-47C1-AF03-B1C76457A40D}.Release|Any CPU.Build.0 = Release|Any CPU
	EndGlobalSection
	GlobalSection(SolutionProperties) = preSolution
		HideSolutionNode = FALSE
	EndGlobalSection
	GlobalSection(ExtensibilityGlobals) = postSolution
		SolutionGuid = {703277A3-BDF4-480C-8DB6-F1D2E18062EC}
	EndGlobalSection
EndGlobal
